<?xml version="1.0" encoding="utf-8"?>
<Project ToolsVersion="4.0" xmlns="http://schemas.microsoft.com/developer/msbuild/2003">
  <ItemGroup>
    <Filter Include="Source Files">
      <UniqueIdentifier>{4FC737F1-C7A5-4376-A066-2A32D752A2FF}</UniqueIdentifier>
      <Extensions>cpp;c;cc;cxx;def;odl;idl;hpj;bat;asm;asmx</Extensions>
    </Filter>
    <Filter Include="Header Files">
      <UniqueIdentifier>{93995380-89BD-4b04-88EB-625FBE52EBFB}</UniqueIdentifier>
      <Extensions>h;hpp;hxx;hm;inl;inc;xsd</Extensions>
    </Filter>
  </ItemGroup>
  <ItemGroup>
    <ClCompile Include="src\vio2sf\desmume\arm_instructions.c">
      <Filter>Source Files</Filter>
    </ClCompile>
    <ClCompile Include="src\vio2sf\desmume\armcpu.c">
      <Filter>Source Files</Filter>
    </ClCompile>
    <ClCompile Include="src\vio2sf\desmume\bios.c">
      <Filter>Source Files</Filter>
    </ClCompile>
    <ClCompile Include="src\vio2sf\desmume\cp15.c">
      <Filter>Source Files</Filter>
    </ClCompile>
    <ClCompile Include="src\vio2sf\desmume\FIFO.c">
      <Filter>Source Files</Filter>
    </ClCompile>
    <ClCompile Include="src\vio2sf\desmume\GPU.c">
      <Filter>Source Files</Filter>
    </ClCompile>
    <ClCompile Include="src\vio2sf\desmume\matrix.c">
      <Filter>Source Files</Filter>
    </ClCompile>
    <ClCompile Include="src\vio2sf\desmume\mc.c">
      <Filter>Source Files</Filter>
    </ClCompile>
    <ClCompile Include="src\vio2sf\desmume\MMU.c">
      <Filter>Source Files</Filter>
    </ClCompile>
    <ClCompile Include="src\vio2sf\desmume\NDSSystem.c">
      <Filter>Source Files</Filter>
    </ClCompile>
    <ClCompile Include="src\vio2sf\desmume\SPU.cpp">
      <Filter>Source Files</Filter>
    </ClCompile>
    <ClCompile Include="src\vio2sf\desmume\state.c">
      <Filter>Source Files</Filter>
    </ClCompile>
    <ClCompile Include="src\vio2sf\desmume\thumb_instructions.c">
      <Filter>Source Files</Filter>
    </ClCompile>
  </ItemGroup>
  <ItemGroup>
    <ClInclude Include="src\vio2sf\desmume\arm_instructions.h">
      <Filter>Header Files</Filter>
    </ClInclude>
    <ClInclude Include="src\vio2sf\desmume\ARM9.h">
      <Filter>Header Files</Filter>
    </ClInclude>
    <ClInclude Include="src\vio2sf\desmume\armcpu.h">
      <Filter>Header Files</Filter>
    </ClInclude>
    <ClInclude Include="src\vio2sf\desmume\bios.h">
      <Filter>Header Files</Filter>
    </ClInclude>
    <ClInclude Include="src\vio2sf\desmume\bits.h">
      <Filter>Header Files</Filter>
    </ClInclude>
    <ClInclude Include="src\vio2sf\desmume\config.h">
      <Filter>Header Files</Filter>
    </ClInclude>
    <ClInclude Include="src\vio2sf\desmume\cp15.h">
      <Filter>Header Files</Filter>
    </ClInclude>
    <ClInclude Include="src\vio2sf\desmume\debug.h">
      <Filter>Header Files</Filter>
    </ClInclude>
    <ClInclude Include="src\vio2sf\desmume\dscard.h">
      <Filter>Header Files</Filter>
    </ClInclude>
    <ClInclude Include="src\vio2sf\desmume\FIFO.h">
      <Filter>Header Files</Filter>
    </ClInclude>
    <ClInclude Include="src\vio2sf\desmume\GPU.h">
      <Filter>Header Files</Filter>
    </ClInclude>
    <ClInclude Include="src\vio2sf\desmume\matrix.h">
      <Filter>Header Files</Filter>
    </ClInclude>
    <ClInclude Include="src\vio2sf\desmume\mc.h">
      <Filter>Header Files</Filter>
    </ClInclude>
    <ClInclude Include="src\vio2sf\desmume\mem.h">
      <Filter>Header Files</Filter>
    </ClInclude>
    <ClInclude Include="src\vio2sf\desmume\MMU.h">
      <Filter>Header Files</Filter>
    </ClInclude>
    <ClInclude Include="src\vio2sf\desmume\NDSSystem.h">
      <Filter>Header Files</Filter>
    </ClInclude>
    <ClInclude Include="src\vio2sf\desmume\registers.h">
      <Filter>Header Files</Filter>
    </ClInclude>
    <ClInclude Include="src\vio2sf\desmume\SPU.h">
      <Filter>Header Files</Filter>
    </ClInclude>
    <ClInclude Include="src\vio2sf\desmume\spu_exports.h">
      <Filter>Header Files</Filter>
    </ClInclude>
    <ClInclude Include="src\vio2sf\desmume\state.h">
      <Filter>Header Files</Filter>
    </ClInclude>
    <ClInclude Include="src\vio2sf\desmume\thumb_instructions.h">
      <Filter>Header Files</Filter>
    </ClInclude>
    <ClInclude Include="src\vio2sf\desmume\types.h">
      <Filter>Header Files</Filter>
    </ClInclude>
  </ItemGroup>
  <ItemGroup>
    <None Include="src\vio2sf\desmume\COPYING" />
    <None Include="src\vio2sf\desmume\instruction_tabdef.inc">
      <Filter>Header Files</Filter>
    </None>
    <None Include="src\vio2sf\desmume\thumb_tabdef.inc">
      <Filter>Header Files</Filter>
    </None>
  </ItemGroup>
</Project>